
Microsoft Visual Studio Solution File, Format Version 12.00
# Visual Studio 15
VisualStudioVersion = 15.0.28010.2036
MinimumVisualStudioVersion = 10.0.40219.1
Project("{9A19103F-16F7-4668-BE54-9A1E7A4F7556}") = "Calculator", "Calculator\Calculator.csproj", "{10422820-8B54-4786-A94A-DF7803CEC774}"
EndProject
Project("{FAE04EC0-301F-11D3-BF4B-00C04F79EFBC}") = "Rutishauser", "Rutishauser\Rutishauser.csproj", "{87389377-E217-432A-938E-05704E57800B}"
EndProject
Global
	GlobalSection(SolutionConfigurationPlatforms) = preSolution
		Debug|Any CPU = Debug|Any CPU
		Release|Any CPU = Release|Any CPU
	EndGlobalSection
	GlobalSection(ProjectConfigurationPlatforms) = postSolution
		{10422820-8B54-4786-A94A-DF7803CEC774}.Debug|Any CPU.ActiveCfg = Debug|Any CPU
		{10422820-8B54-4786-A94A-DF7803CEC774}.Debug|Any CPU.Build.0 = Debug|Any CPU
		{10422820-8B54-4786-A94A-DF7803CEC774}.Release|Any CPU.ActiveCfg = Release|Any CPU
		{10422820-8B54-4786-A94A-DF7803CEC774}.Release|Any CPU.Build.0 = Release|Any CPU
		{87389377-E217-432A-938E-05704E57800B}.Debug|Any CPU.ActiveCfg = Debug|Any CPU
		{87389377-E217-432A-938E-05704E57800B}.Debug|Any CPU.Build.0 = Debug|Any CPU
		{87389377-E217-432A-938E-05704E57800B}.Release|Any CPU.ActiveCfg = Release|Any CPU
		{87389377-E217-432A-938E-05704E57800B}.Release|Any CPU.Build.0 = Release|Any CPU
	EndGlobalSection
	GlobalSection(SolutionProperties) = preSolution
		HideSolutionNode = FALSE
	EndGlobalSection
	GlobalSection(ExtensibilityGlobals) = postSolution
		SolutionGuid = {CB1D8FE0-C378-4A87-A3B7-E970D83A4926}
	EndGlobalSection
EndGlobal
