
Microsoft Visual Studio Solution File, Format Version 12.00
# Visual Studio 15
VisualStudioVersion = 15.0.28010.2036
MinimumVisualStudioVersion = 10.0.40219.1
Project("{FAE04EC0-301F-11D3-BF4B-00C04F79EFBC}") = "Task4", "Task4\Task4.csproj", "{AA1DC576-58DB-4EC4-BB59-8FB06AB02112}"
EndProject
Global
	GlobalSection(SolutionConfigurationPlatforms) = preSolution
		Debug|Any CPU = Debug|Any CPU
		Release|Any CPU = Release|Any CPU
	EndGlobalSection
	GlobalSection(ProjectConfigurationPlatforms) = postSolution
		{AA1DC576-58DB-4EC4-BB59-8FB06AB02112}.Debug|Any CPU.ActiveCfg = Debug|Any CPU
		{AA1DC576-58DB-4EC4-BB59-8FB06AB02112}.Debug|Any CPU.Build.0 = Debug|Any CPU
		{AA1DC576-58DB-4EC4-BB59-8FB06AB02112}.Release|Any CPU.ActiveCfg = Release|Any CPU
		{AA1DC576-58DB-4EC4-BB59-8FB06AB02112}.Release|Any CPU.Build.0 = Release|Any CPU
	EndGlobalSection
	GlobalSection(SolutionProperties) = preSolution
		HideSolutionNode = FALSE
	EndGlobalSection
	GlobalSection(ExtensibilityGlobals) = postSolution
		SolutionGuid = {F54126DF-0351-4E25-A32F-DB971BC50AF4}
	EndGlobalSection
EndGlobal
